
Microsoft Visual Studio Solution File, Format Version 12.00
# Visual Studio Version 16
VisualStudioVersion = 16.0.32002.261
MinimumVisualStudioVersion = 10.0.40219.1
Project("{FAE04EC0-301F-11D3-BF4B-00C04F79EFBC}") = "HMS.WPF", "HMS.WPF\HMS.WPF.csproj", "{17145EC7-9B90-4DCF-B22D-FEC639411965}"
EndProject
Global
	GlobalSection(SolutionConfigurationPlatforms) = preSolution
		Debug|Any CPU = Debug|Any CPU
		Release|Any CPU = Release|Any CPU
	EndGlobalSection
	GlobalSection(ProjectConfigurationPlatforms) = postSolution
		{17145EC7-9B90-4DCF-B22D-FEC639411965}.Debug|Any CPU.ActiveCfg = Debug|Any CPU
		{17145EC7-9B90-4DCF-B22D-FEC639411965}.Debug|Any CPU.Build.0 = Debug|Any CPU
		{17145EC7-9B90-4DCF-B22D-FEC639411965}.Release|Any CPU.ActiveCfg = Release|Any CPU
		{17145EC7-9B90-4DCF-B22D-FEC639411965}.Release|Any CPU.Build.0 = Release|Any CPU
	EndGlobalSection
	GlobalSection(SolutionProperties) = preSolution
		HideSolutionNode = FALSE
	EndGlobalSection
	GlobalSection(ExtensibilityGlobals) = postSolution
		SolutionGuid = {166FF9D9-3406-4094-91EF-81865EA69EA0}
	EndGlobalSection
EndGlobal
